{
  "name": "js13k",
  "version": "1.0.0",
  "lockfileVersion": 2,
  "requires": true,
  "packages": {
    "": {
      "name": "js13k",
      "version": "1.0.0",
      "license": "ISC",
      "dependencies": {
        "kontra": "^8.0.0",
        "zzfx": "^1.1.8"
      }
    },
    "node_modules/kontra": {
      "version": "8.0.0",
      "resolved": "https://registry.npmjs.org/kontra/-/kontra-8.0.0.tgz",
      "integrity": "sha512-7Go/K4S+6gtyillSKSkSlNq46neuIWGvof9PYyzBwiBKGrs+1GHzsDknaeIID3GulV+sK1oKcV0hB2CyyO7ePQ==",
      "engines": {
        "node": ">=14.0.0",
        "npm": "<7.0.0"
      }
    },
    "node_modules/zzfx": {
      "version": "1.1.8",
      "resolved": "https://registry.npmjs.org/zzfx/-/zzfx-1.1.8.tgz",
      "integrity": "sha512-4HWCIuYV3ThQjgQScb6q8izG2S7lT+fdaWxQ2nYG0A/9+lBExsvP2f3gsoFoGnBEQItO/usoY/6RYkIx93JATg=="
    }
  },
  "dependencies": {
    "kontra": {
      "version": "8.0.0",
      "resolved": "https://registry.npmjs.org/kontra/-/kontra-8.0.0.tgz",
      "integrity": "sha512-7Go/K4S+6gtyillSKSkSlNq46neuIWGvof9PYyzBwiBKGrs+1GHzsDknaeIID3GulV+sK1oKcV0hB2CyyO7ePQ=="
    },
    "zzfx": {
      "version": "1.1.8",
      "resolved": "https://registry.npmjs.org/zzfx/-/zzfx-1.1.8.tgz",
      "integrity": "sha512-4HWCIuYV3ThQjgQScb6q8izG2S7lT+fdaWxQ2nYG0A/9+lBExsvP2f3gsoFoGnBEQItO/usoY/6RYkIx93JATg=="
    }
  }
}
